
Microsoft Visual Studio Solution File, Format Version 12.00
# Visual Studio 15
VisualStudioVersion = 15.0.28306.52
MinimumVisualStudioVersion = 10.0.40219.1
Project("{FAE04EC0-301F-11D3-BF4B-00C04F79EFBC}") = "MovieDetailsApi.Api", "MovieDetailsApi.Api\MovieDetailsApi.Api.csproj", "{C9B7C1EC-9D0E-4FD5-B778-01F9F0451EB1}"
EndProject
Global
	GlobalSection(SolutionConfigurationPlatforms) = preSolution
		Debug|Any CPU = Debug|Any CPU
		Release|Any CPU = Release|Any CPU
	EndGlobalSection
	GlobalSection(ProjectConfigurationPlatforms) = postSolution
		{C9B7C1EC-9D0E-4FD5-B778-01F9F0451EB1}.Debug|Any CPU.ActiveCfg = Debug|Any CPU
		{C9B7C1EC-9D0E-4FD5-B778-01F9F0451EB1}.Debug|Any CPU.Build.0 = Debug|Any CPU
		{C9B7C1EC-9D0E-4FD5-B778-01F9F0451EB1}.Release|Any CPU.ActiveCfg = Release|Any CPU
		{C9B7C1EC-9D0E-4FD5-B778-01F9F0451EB1}.Release|Any CPU.Build.0 = Release|Any CPU
	EndGlobalSection
	GlobalSection(SolutionProperties) = preSolution
		HideSolutionNode = FALSE
	EndGlobalSection
	GlobalSection(ExtensibilityGlobals) = postSolution
		SolutionGuid = {B04D291F-9D66-410B-BBEC-3E4DE81DE244}
	EndGlobalSection
EndGlobal
